{
    "version": 3,
    "terraform_version": "0.11.13",
    "serial": 2,
    "lineage": "0b20626c-fd64-a7df-39f3-a001b4903d0a",
    "modules": [
        {
            "path": [
                "root"
            ],
            "outputs": {},
            "resources": {
                "aws_default_route_table.tf_private_rt": {
                    "type": "aws_default_route_table",
                    "depends_on": [
                        "aws_vpc.tf_vpc"
                    ],
                    "primary": {
                        "id": "rtb-060f41144ebe55460",
                        "attributes": {
                            "default_route_table_id": "rtb-060f41144ebe55460",
                            "id": "rtb-060f41144ebe55460",
                            "owner_id": "645318507276",
                            "propagating_vgws.#": "0",
                            "route.#": "0",
                            "tags.%": "1",
                            "tags.Name": "tf_private",
                            "vpc_id": "vpc-0dbed6c8bdacb0982"
                        },
                        "meta": {},
                        "tainted": false
                    },
                    "deposed": [],
                    "provider": "provider.aws"
                },
                "aws_internet_gateway.tf_internet_gateway": {
                    "type": "aws_internet_gateway",
                    "depends_on": [
                        "aws_vpc.tf_vpc"
                    ],
                    "primary": {
                        "id": "igw-0362ec33e2b2b9c41",
                        "attributes": {
                            "id": "igw-0362ec33e2b2b9c41",
                            "owner_id": "645318507276",
                            "tags.%": "1",
                            "tags.Name": "tf_igw",
                            "vpc_id": "vpc-0dbed6c8bdacb0982"
                        },
                        "meta": {},
                        "tainted": false
                    },
                    "deposed": [],
                    "provider": "provider.aws"
                },
                "aws_route_table.tf_public_rt": {
                    "type": "aws_route_table",
                    "depends_on": [
                        "aws_internet_gateway.tf_internet_gateway",
                        "aws_vpc.tf_vpc"
                    ],
                    "primary": {
                        "id": "rtb-0c15832f81d4e289c",
                        "attributes": {
                            "id": "rtb-0c15832f81d4e289c",
                            "owner_id": "645318507276",
                            "propagating_vgws.#": "0",
                            "route.#": "1",
                            "route.3055331471.cidr_block": "0.0.0.0/0",
                            "route.3055331471.egress_only_gateway_id": "",
                            "route.3055331471.gateway_id": "igw-0362ec33e2b2b9c41",
                            "route.3055331471.instance_id": "",
                            "route.3055331471.ipv6_cidr_block": "",
                            "route.3055331471.nat_gateway_id": "",
                            "route.3055331471.network_interface_id": "",
                            "route.3055331471.transit_gateway_id": "",
                            "route.3055331471.vpc_peering_connection_id": "",
                            "tags.%": "1",
                            "tags.Name": "tf_public",
                            "vpc_id": "vpc-0dbed6c8bdacb0982"
                        },
                        "meta": {},
                        "tainted": false
                    },
                    "deposed": [],
                    "provider": "provider.aws"
                },
                "aws_vpc.tf_vpc": {
                    "type": "aws_vpc",
                    "depends_on": [],
                    "primary": {
                        "id": "vpc-0dbed6c8bdacb0982",
                        "attributes": {
                            "arn": "arn:aws:ec2:us-east-1:645318507276:vpc/vpc-0dbed6c8bdacb0982",
                            "assign_generated_ipv6_cidr_block": "false",
                            "cidr_block": "10.123.0.0/16",
                            "default_network_acl_id": "acl-0daf742d29aec116c",
                            "default_route_table_id": "rtb-060f41144ebe55460",
                            "default_security_group_id": "sg-07a7fc501d3b34c5c",
                            "dhcp_options_id": "dopt-8cddccee",
                            "enable_classiclink": "false",
                            "enable_classiclink_dns_support": "false",
                            "enable_dns_hostnames": "true",
                            "enable_dns_support": "true",
                            "id": "vpc-0dbed6c8bdacb0982",
                            "instance_tenancy": "default",
                            "ipv6_association_id": "",
                            "ipv6_cidr_block": "",
                            "main_route_table_id": "rtb-060f41144ebe55460",
                            "owner_id": "645318507276",
                            "tags.%": "1",
                            "tags.Name": "tf_vpc"
                        },
                        "meta": {
                            "schema_version": "1"
                        },
                        "tainted": false
                    },
                    "deposed": [],
                    "provider": "provider.aws"
                },
                "data.aws_availability_zones.available": {
                    "type": "aws_availability_zones",
                    "depends_on": [],
                    "primary": {
                        "id": "2019-05-26 20:46:38.508415 +0000 UTC",
                        "attributes": {
                            "id": "2019-05-26 20:46:38.508415 +0000 UTC",
                            "names.#": "6",
                            "names.0": "us-east-1a",
                            "names.1": "us-east-1b",
                            "names.2": "us-east-1c",
                            "names.3": "us-east-1d",
                            "names.4": "us-east-1e",
                            "names.5": "us-east-1f",
                            "zone_ids.#": "6",
                            "zone_ids.0": "use1-az4",
                            "zone_ids.1": "use1-az6",
                            "zone_ids.2": "use1-az1",
                            "zone_ids.3": "use1-az2",
                            "zone_ids.4": "use1-az3",
                            "zone_ids.5": "use1-az5"
                        },
                        "meta": {},
                        "tainted": false
                    },
                    "deposed": [],
                    "provider": "provider.aws"
                }
            },
            "depends_on": []
        }
    ]
}
